// !$*UTF8*$!
{
	archiveVersion = 1;
	classes = {
	};
	objectVersion = 56;
	objects = {

/* Begin PBXBuildFile section */
		F10F8FB52B8B51C90062DE05 /* GamesTabData.swift in Sources */ = {isa = PBXBuildFile; fileRef = F10F8FB42B8B51C90062DE05 /* GamesTabData.swift */; };
		F10F8FB72B8B54480062DE05 /* CategoriesTabData.swift in Sources */ = {isa = PBXBuildFile; fileRef = F10F8FB62B8B54480062DE05 /* CategoriesTabData.swift */; };
		F10F8FBA2B8B633C0062DE05 /* HomeTabData.swift in Sources */ = {isa = PBXBuildFile; fileRef = F10F8FB92B8B633C0062DE05 /* HomeTabData.swift */; };
		F10F8FBE2B8B65410062DE05 /* ProfileTabData.swift in Sources */ = {isa = PBXBuildFile; fileRef = F10F8FBD2B8B65410062DE05 /* ProfileTabData.swift */; };
		F10F8FC12B8B6C8A0062DE05 /* LocalDatabaseClient.swift in Sources */ = {isa = PBXBuildFile; fileRef = F10F8FC02B8B6C8A0062DE05 /* LocalDatabaseClient.swift */; };
		F10F8FC32B8B6D490062DE05 /* DatabaseGameStatistic.swift in Sources */ = {isa = PBXBuildFile; fileRef = F10F8FC22B8B6D490062DE05 /* DatabaseGameStatistic.swift */; };
		F10F8FC62B8B6FEC0062DE05 /* SQLite in Frameworks */ = {isa = PBXBuildFile; productRef = F10F8FC52B8B6FEC0062DE05 /* SQLite */; };
		F10F8FC82B8B93910062DE05 /* LocalDatabaseInterface.swift in Sources */ = {isa = PBXBuildFile; fileRef = F10F8FC72B8B93910062DE05 /* LocalDatabaseInterface.swift */; };
		F10F8FCE2B8EE8FB0062DE05 /* Date+DateFormatter.swift in Sources */ = {isa = PBXBuildFile; fileRef = F10F8FCD2B8EE8FB0062DE05 /* Date+DateFormatter.swift */; };
		F110B75A2B2EC29100FD3B95 /* Rozkvit.swift in Sources */ = {isa = PBXBuildFile; fileRef = F110B7592B2EC29100FD3B95 /* Rozkvit.swift */; };
		F110B75E2B2EC29400FD3B95 /* Assets.xcassets in Resources */ = {isa = PBXBuildFile; fileRef = F110B75D2B2EC29400FD3B95 /* Assets.xcassets */; };
		F110B7622B2EC29400FD3B95 /* Preview Assets.xcassets in Resources */ = {isa = PBXBuildFile; fileRef = F110B7612B2EC29400FD3B95 /* Preview Assets.xcassets */; };
		F110B76B2B2EC88700FD3B95 /* ComposableArchitecture in Frameworks */ = {isa = PBXBuildFile; productRef = F110B76A2B2EC88700FD3B95 /* ComposableArchitecture */; };
		F110B76D2B2ECC1900FD3B95 /* RootDomain.swift in Sources */ = {isa = PBXBuildFile; fileRef = F110B76C2B2ECC1900FD3B95 /* RootDomain.swift */; };
		F110B7712B2ECD2700FD3B95 /* en.strings in Resources */ = {isa = PBXBuildFile; fileRef = F110B7702B2ECD2700FD3B95 /* en.strings */; };
		F110B7752B2ECDB300FD3B95 /* Defaults.swift in Sources */ = {isa = PBXBuildFile; fileRef = F110B7742B2ECDB300FD3B95 /* Defaults.swift */; };
		F110B7782B2ECDD600FD3B95 /* Defaults+Lang.swift in Sources */ = {isa = PBXBuildFile; fileRef = F110B7772B2ECDD600FD3B95 /* Defaults+Lang.swift */; };
		F110B77B2B2ECE0800FD3B95 /* Localization.swift in Sources */ = {isa = PBXBuildFile; fileRef = F110B77A2B2ECE0800FD3B95 /* Localization.swift */; };
		F110B77D2B2ECE9600FD3B95 /* RootView.swift in Sources */ = {isa = PBXBuildFile; fileRef = F110B77C2B2ECE9600FD3B95 /* RootView.swift */; };
		F110B7822B2ECF4000FD3B95 /* HomeView.swift in Sources */ = {isa = PBXBuildFile; fileRef = F110B7802B2ECF4000FD3B95 /* HomeView.swift */; };
		F110B7832B2ECF4000FD3B95 /* Home.swift in Sources */ = {isa = PBXBuildFile; fileRef = F110B7812B2ECF4000FD3B95 /* Home.swift */; };
		F12B4F5B2B665D9600D7F5C3 /* TreeBuilder.swift in Sources */ = {isa = PBXBuildFile; fileRef = F12B4F5A2B665D9600D7F5C3 /* TreeBuilder.swift */; };
		F134F6772B4850BD00E58224 /* GameBuilder.swift in Sources */ = {isa = PBXBuildFile; fileRef = F134F6762B4850BD00E58224 /* GameBuilder.swift */; };
		F134F67A2B48558C00E58224 /* Stack.swift in Sources */ = {isa = PBXBuildFile; fileRef = F134F6792B48558C00E58224 /* Stack.swift */; };
		F134F67D2B49892100E58224 /* GameEventView.swift in Sources */ = {isa = PBXBuildFile; fileRef = F134F67B2B49892100E58224 /* GameEventView.swift */; };
		F134F67E2B49892100E58224 /* GameEvent.swift in Sources */ = {isa = PBXBuildFile; fileRef = F134F67C2B49892100E58224 /* GameEvent.swift */; };
		F134F6862B49896500E58224 /* GameEntityTextAnswerView.swift in Sources */ = {isa = PBXBuildFile; fileRef = F134F6842B49896500E58224 /* GameEntityTextAnswerView.swift */; };
		F134F68A2B498EDB00E58224 /* Colors.xcassets in Resources */ = {isa = PBXBuildFile; fileRef = F134F6892B498EDB00E58224 /* Colors.xcassets */; };
		F137808E2B35DD9300DF2C8F /* CategoryGamesListView.swift in Sources */ = {isa = PBXBuildFile; fileRef = F137808C2B35DD9300DF2C8F /* CategoryGamesListView.swift */; };
		F137808F2B35DD9300DF2C8F /* CategoryGamesList.swift in Sources */ = {isa = PBXBuildFile; fileRef = F137808D2B35DD9300DF2C8F /* CategoryGamesList.swift */; };
		F13780932B35DFA800DF2C8F /* GameProgressView.swift in Sources */ = {isa = PBXBuildFile; fileRef = F13780912B35DFA800DF2C8F /* GameProgressView.swift */; };
		F14B43152B552D4200AF1142 /* ExpandedTap.swift in Sources */ = {isa = PBXBuildFile; fileRef = F14B43142B552D4200AF1142 /* ExpandedTap.swift */; };
		F16356C82B31EFF600890D3C /* AppData.swift in Sources */ = {isa = PBXBuildFile; fileRef = F16356C72B31EFF600890D3C /* AppData.swift */; };
		F16356CA2B3207AF00890D3C /* AppDataClient.swift in Sources */ = {isa = PBXBuildFile; fileRef = F16356C92B3207AF00890D3C /* AppDataClient.swift */; };
		F16D01EE2B3989E1003614EE /* CategoryModel.swift in Sources */ = {isa = PBXBuildFile; fileRef = F16D01ED2B3989E1003614EE /* CategoryModel.swift */; };
		F16D01F22B3B163C003614EE /* ScaleOnTap.swift in Sources */ = {isa = PBXBuildFile; fileRef = F16D01F12B3B163C003614EE /* ScaleOnTap.swift */; };
		F16D01F42B3B1AD0003614EE /* GameModel.swift in Sources */ = {isa = PBXBuildFile; fileRef = F16D01F32B3B1AD0003614EE /* GameModel.swift */; };
		F16D01F62B3BCC2D003614EE /* AvailabilityChecker.swift in Sources */ = {isa = PBXBuildFile; fileRef = F16D01F52B3BCC2D003614EE /* AvailabilityChecker.swift */; };
		F17382192B4B958A00B88A06 /* PickEmotionsGameFabric.swift in Sources */ = {isa = PBXBuildFile; fileRef = F17382182B4B958A00B88A06 /* PickEmotionsGameFabric.swift */; };
		F18D20632B52749C00523CFD /* GameEntityPickQuestionView.swift in Sources */ = {isa = PBXBuildFile; fileRef = F18D20622B52749C00523CFD /* GameEntityPickQuestionView.swift */; };
		F18D20662B52B6CC00523CFD /* GameEntityWrongAnswerDescriptionView.swift in Sources */ = {isa = PBXBuildFile; fileRef = F18D20652B52B6CC00523CFD /* GameEntityWrongAnswerDescriptionView.swift */; };
		F18D206F2B53D75B00523CFD /* Fonts.swift in Sources */ = {isa = PBXBuildFile; fileRef = F18D206E2B53D75B00523CFD /* Fonts.swift */; };
		F18D20742B53DA9100523CFD /* PearlGradient.swift in Sources */ = {isa = PBXBuildFile; fileRef = F18D20732B53DA9100523CFD /* PearlGradient.swift */; };
		F18D20752B53DE6300523CFD /* Inter-Bold.ttf in Resources */ = {isa = PBXBuildFile; fileRef = F18D20692B53D74300523CFD /* Inter-Bold.ttf */; };
		F18D20762B53DE6400523CFD /* Inter-Regular.ttf in Resources */ = {isa = PBXBuildFile; fileRef = F18D206D2B53D74400523CFD /* Inter-Regular.ttf */; };
		F18D20772B53DE6600523CFD /* Inter-SemiBold.ttf in Resources */ = {isa = PBXBuildFile; fileRef = F18D206C2B53D74400523CFD /* Inter-SemiBold.ttf */; };
		F18D207D2B542BD400523CFD /* GameEntityAnswerSectionView.swift in Sources */ = {isa = PBXBuildFile; fileRef = F18D207B2B542BD400523CFD /* GameEntityAnswerSectionView.swift */; };
		F18D207E2B542BD400523CFD /* GameEntityAnswerSection.swift in Sources */ = {isa = PBXBuildFile; fileRef = F18D207C2B542BD400523CFD /* GameEntityAnswerSection.swift */; };
		F18D20812B542DB400523CFD /* GameEntityImageAnswerView.swift in Sources */ = {isa = PBXBuildFile; fileRef = F18D20802B542DB400523CFD /* GameEntityImageAnswerView.swift */; };
		F1C41F892B62C19400F40820 /* WrappingHStack in Frameworks */ = {isa = PBXBuildFile; productRef = F1C41F882B62C19400F40820 /* WrappingHStack */; };
		F1DA74392B2EDCAC00A9A7F0 /* CategoriesView.swift in Sources */ = {isa = PBXBuildFile; fileRef = F1DA74372B2EDCAC00A9A7F0 /* CategoriesView.swift */; };
		F1DA743A2B2EDCAC00A9A7F0 /* Categories.swift in Sources */ = {isa = PBXBuildFile; fileRef = F1DA74382B2EDCAC00A9A7F0 /* Categories.swift */; };
		F1DA743E2B2EDCC800A9A7F0 /* GamesView.swift in Sources */ = {isa = PBXBuildFile; fileRef = F1DA743C2B2EDCC800A9A7F0 /* GamesView.swift */; };
		F1DA743F2B2EDCC800A9A7F0 /* Games.swift in Sources */ = {isa = PBXBuildFile; fileRef = F1DA743D2B2EDCC800A9A7F0 /* Games.swift */; };
		F1DA74432B2EDCE500A9A7F0 /* ProfileView.swift in Sources */ = {isa = PBXBuildFile; fileRef = F1DA74412B2EDCE500A9A7F0 /* ProfileView.swift */; };
		F1DA74442B2EDCE500A9A7F0 /* Profile.swift in Sources */ = {isa = PBXBuildFile; fileRef = F1DA74422B2EDCE500A9A7F0 /* Profile.swift */; };
		F1E46E552B54DCD20036DEF2 /* GameEntityQuestionSectionView.swift in Sources */ = {isa = PBXBuildFile; fileRef = F1E46E532B54DCD20036DEF2 /* GameEntityQuestionSectionView.swift */; };
		F1E46E582B54DEFE0036DEF2 /* GameEntityImageQuestionView.swift in Sources */ = {isa = PBXBuildFile; fileRef = F1E46E572B54DEFE0036DEF2 /* GameEntityImageQuestionView.swift */; };
		F1E46E5A2B54E2EB0036DEF2 /* GameEntityTextQuestionView.swift in Sources */ = {isa = PBXBuildFile; fileRef = F1E46E592B54E2EB0036DEF2 /* GameEntityTextQuestionView.swift */; };
		F1E46E5C2B5500150036DEF2 /* Emotion.swift in Sources */ = {isa = PBXBuildFile; fileRef = F1E46E5B2B5500150036DEF2 /* Emotion.swift */; };
		F1E46E5E2B550A450036DEF2 /* GameEntityWrongAnswerDescription.swift in Sources */ = {isa = PBXBuildFile; fileRef = F1E46E5D2B550A450036DEF2 /* GameEntityWrongAnswerDescription.swift */; };
/* End PBXBuildFile section */

/* Begin PBXFileReference section */
		F10F8FB42B8B51C90062DE05 /* GamesTabData.swift */ = {isa = PBXFileReference; lastKnownFileType = sourcecode.swift; path = GamesTabData.swift; sourceTree = "<group>"; };
		F10F8FB62B8B54480062DE05 /* CategoriesTabData.swift */ = {isa = PBXFileReference; lastKnownFileType = sourcecode.swift; path = CategoriesTabData.swift; sourceTree = "<group>"; };
		F10F8FB92B8B633C0062DE05 /* HomeTabData.swift */ = {isa = PBXFileReference; lastKnownFileType = sourcecode.swift; path = HomeTabData.swift; sourceTree = "<group>"; };
		F10F8FBD2B8B65410062DE05 /* ProfileTabData.swift */ = {isa = PBXFileReference; lastKnownFileType = sourcecode.swift; path = ProfileTabData.swift; sourceTree = "<group>"; };
		F10F8FC02B8B6C8A0062DE05 /* LocalDatabaseClient.swift */ = {isa = PBXFileReference; lastKnownFileType = sourcecode.swift; path = LocalDatabaseClient.swift; sourceTree = "<group>"; };
		F10F8FC22B8B6D490062DE05 /* DatabaseGameStatistic.swift */ = {isa = PBXFileReference; lastKnownFileType = sourcecode.swift; path = DatabaseGameStatistic.swift; sourceTree = "<group>"; };
		F10F8FC72B8B93910062DE05 /* LocalDatabaseInterface.swift */ = {isa = PBXFileReference; lastKnownFileType = sourcecode.swift; path = LocalDatabaseInterface.swift; sourceTree = "<group>"; };
		F10F8FCD2B8EE8FB0062DE05 /* Date+DateFormatter.swift */ = {isa = PBXFileReference; lastKnownFileType = sourcecode.swift; path = "Date+DateFormatter.swift"; sourceTree = "<group>"; };
		F110B7562B2EC29100FD3B95 /* Rozkvit.app */ = {isa = PBXFileReference; explicitFileType = wrapper.application; includeInIndex = 0; path = Rozkvit.app; sourceTree = BUILT_PRODUCTS_DIR; };
		F110B7592B2EC29100FD3B95 /* Rozkvit.swift */ = {isa = PBXFileReference; lastKnownFileType = sourcecode.swift; path = Rozkvit.swift; sourceTree = "<group>"; };
		F110B75D2B2EC29400FD3B95 /* Assets.xcassets */ = {isa = PBXFileReference; lastKnownFileType = folder.assetcatalog; path = Assets.xcassets; sourceTree = "<group>"; };
		F110B75F2B2EC29400FD3B95 /* Rozkvit.entitlements */ = {isa = PBXFileReference; lastKnownFileType = text.plist.entitlements; path = Rozkvit.entitlements; sourceTree = "<group>"; };
		F110B7612B2EC29400FD3B95 /* Preview Assets.xcassets */ = {isa = PBXFileReference; lastKnownFileType = folder.assetcatalog; path = "Preview Assets.xcassets"; sourceTree = "<group>"; };
		F110B76C2B2ECC1900FD3B95 /* RootDomain.swift */ = {isa = PBXFileReference; lastKnownFileType = sourcecode.swift; path = RootDomain.swift; sourceTree = "<group>"; };
		F110B7702B2ECD2700FD3B95 /* en.strings */ = {isa = PBXFileReference; lastKnownFileType = text.plist.strings; path = en.strings; sourceTree = "<group>"; };
		F110B7742B2ECDB300FD3B95 /* Defaults.swift */ = {isa = PBXFileReference; lastKnownFileType = sourcecode.swift; path = Defaults.swift; sourceTree = "<group>"; };
		F110B7772B2ECDD600FD3B95 /* Defaults+Lang.swift */ = {isa = PBXFileReference; lastKnownFileType = sourcecode.swift; path = "Defaults+Lang.swift"; sourceTree = "<group>"; };
		F110B77A2B2ECE0800FD3B95 /* Localization.swift */ = {isa = PBXFileReference; lastKnownFileType = sourcecode.swift; path = Localization.swift; sourceTree = "<group>"; };
		F110B77C2B2ECE9600FD3B95 /* RootView.swift */ = {isa = PBXFileReference; lastKnownFileType = sourcecode.swift; path = RootView.swift; sourceTree = "<group>"; };
		F110B7802B2ECF4000FD3B95 /* HomeView.swift */ = {isa = PBXFileReference; lastKnownFileType = sourcecode.swift; path = HomeView.swift; sourceTree = "<group>"; };
		F110B7812B2ECF4000FD3B95 /* Home.swift */ = {isa = PBXFileReference; lastKnownFileType = sourcecode.swift; path = Home.swift; sourceTree = "<group>"; };
		F12B4F5A2B665D9600D7F5C3 /* TreeBuilder.swift */ = {isa = PBXFileReference; lastKnownFileType = sourcecode.swift; path = TreeBuilder.swift; sourceTree = "<group>"; };
		F134F6762B4850BD00E58224 /* GameBuilder.swift */ = {isa = PBXFileReference; lastKnownFileType = sourcecode.swift; path = GameBuilder.swift; sourceTree = "<group>"; };
		F134F6792B48558C00E58224 /* Stack.swift */ = {isa = PBXFileReference; lastKnownFileType = sourcecode.swift; path = Stack.swift; sourceTree = "<group>"; };
		F134F67B2B49892100E58224 /* GameEventView.swift */ = {isa = PBXFileReference; lastKnownFileType = sourcecode.swift; path = GameEventView.swift; sourceTree = "<group>"; };
		F134F67C2B49892100E58224 /* GameEvent.swift */ = {isa = PBXFileReference; lastKnownFileType = sourcecode.swift; path = GameEvent.swift; sourceTree = "<group>"; };
		F134F6842B49896500E58224 /* GameEntityTextAnswerView.swift */ = {isa = PBXFileReference; lastKnownFileType = sourcecode.swift; path = GameEntityTextAnswerView.swift; sourceTree = "<group>"; };
		F134F6892B498EDB00E58224 /* Colors.xcassets */ = {isa = PBXFileReference; lastKnownFileType = folder.assetcatalog; path = Colors.xcassets; sourceTree = "<group>"; };
		F137808C2B35DD9300DF2C8F /* CategoryGamesListView.swift */ = {isa = PBXFileReference; lastKnownFileType = sourcecode.swift; path = CategoryGamesListView.swift; sourceTree = "<group>"; };
		F137808D2B35DD9300DF2C8F /* CategoryGamesList.swift */ = {isa = PBXFileReference; lastKnownFileType = sourcecode.swift; path = CategoryGamesList.swift; sourceTree = "<group>"; };
		F13780912B35DFA800DF2C8F /* GameProgressView.swift */ = {isa = PBXFileReference; lastKnownFileType = sourcecode.swift; path = GameProgressView.swift; sourceTree = "<group>"; };
		F14B43142B552D4200AF1142 /* ExpandedTap.swift */ = {isa = PBXFileReference; lastKnownFileType = sourcecode.swift; path = ExpandedTap.swift; sourceTree = "<group>"; };
		F16356C72B31EFF600890D3C /* AppData.swift */ = {isa = PBXFileReference; lastKnownFileType = sourcecode.swift; path = AppData.swift; sourceTree = "<group>"; };
		F16356C92B3207AF00890D3C /* AppDataClient.swift */ = {isa = PBXFileReference; lastKnownFileType = sourcecode.swift; path = AppDataClient.swift; sourceTree = "<group>"; };
		F16D01ED2B3989E1003614EE /* CategoryModel.swift */ = {isa = PBXFileReference; lastKnownFileType = sourcecode.swift; path = CategoryModel.swift; sourceTree = "<group>"; };
		F16D01F12B3B163C003614EE /* ScaleOnTap.swift */ = {isa = PBXFileReference; lastKnownFileType = sourcecode.swift; path = ScaleOnTap.swift; sourceTree = "<group>"; };
		F16D01F32B3B1AD0003614EE /* GameModel.swift */ = {isa = PBXFileReference; lastKnownFileType = sourcecode.swift; path = GameModel.swift; sourceTree = "<group>"; };
		F16D01F52B3BCC2D003614EE /* AvailabilityChecker.swift */ = {isa = PBXFileReference; lastKnownFileType = sourcecode.swift; path = AvailabilityChecker.swift; sourceTree = "<group>"; };
		F17382182B4B958A00B88A06 /* PickEmotionsGameFabric.swift */ = {isa = PBXFileReference; lastKnownFileType = sourcecode.swift; path = PickEmotionsGameFabric.swift; sourceTree = "<group>"; };
		F18D20622B52749C00523CFD /* GameEntityPickQuestionView.swift */ = {isa = PBXFileReference; lastKnownFileType = sourcecode.swift; path = GameEntityPickQuestionView.swift; sourceTree = "<group>"; };
		F18D20652B52B6CC00523CFD /* GameEntityWrongAnswerDescriptionView.swift */ = {isa = PBXFileReference; lastKnownFileType = sourcecode.swift; path = GameEntityWrongAnswerDescriptionView.swift; sourceTree = "<group>"; };
		F18D20692B53D74300523CFD /* Inter-Bold.ttf */ = {isa = PBXFileReference; lastKnownFileType = file; path = "Inter-Bold.ttf"; sourceTree = "<group>"; };
		F18D206C2B53D74400523CFD /* Inter-SemiBold.ttf */ = {isa = PBXFileReference; lastKnownFileType = file; path = "Inter-SemiBold.ttf"; sourceTree = "<group>"; };
		F18D206D2B53D74400523CFD /* Inter-Regular.ttf */ = {isa = PBXFileReference; lastKnownFileType = file; path = "Inter-Regular.ttf"; sourceTree = "<group>"; };
		F18D206E2B53D75B00523CFD /* Fonts.swift */ = {isa = PBXFileReference; lastKnownFileType = sourcecode.swift; path = Fonts.swift; sourceTree = "<group>"; };
		F18D20732B53DA9100523CFD /* PearlGradient.swift */ = {isa = PBXFileReference; lastKnownFileType = sourcecode.swift; path = PearlGradient.swift; sourceTree = "<group>"; };
		F18D207B2B542BD400523CFD /* GameEntityAnswerSectionView.swift */ = {isa = PBXFileReference; lastKnownFileType = sourcecode.swift; path = GameEntityAnswerSectionView.swift; sourceTree = "<group>"; };
		F18D207C2B542BD400523CFD /* GameEntityAnswerSection.swift */ = {isa = PBXFileReference; lastKnownFileType = sourcecode.swift; path = GameEntityAnswerSection.swift; sourceTree = "<group>"; };
		F18D20802B542DB400523CFD /* GameEntityImageAnswerView.swift */ = {isa = PBXFileReference; lastKnownFileType = sourcecode.swift; path = GameEntityImageAnswerView.swift; sourceTree = "<group>"; };
		F1CCC5B82B4D9D26000968BA /* Info.plist */ = {isa = PBXFileReference; lastKnownFileType = text.plist; path = Info.plist; sourceTree = "<group>"; };
		F1DA74372B2EDCAC00A9A7F0 /* CategoriesView.swift */ = {isa = PBXFileReference; lastKnownFileType = sourcecode.swift; path = CategoriesView.swift; sourceTree = "<group>"; };
		F1DA74382B2EDCAC00A9A7F0 /* Categories.swift */ = {isa = PBXFileReference; lastKnownFileType = sourcecode.swift; path = Categories.swift; sourceTree = "<group>"; };
		F1DA743C2B2EDCC800A9A7F0 /* GamesView.swift */ = {isa = PBXFileReference; lastKnownFileType = sourcecode.swift; path = GamesView.swift; sourceTree = "<group>"; };
		F1DA743D2B2EDCC800A9A7F0 /* Games.swift */ = {isa = PBXFileReference; lastKnownFileType = sourcecode.swift; path = Games.swift; sourceTree = "<group>"; };
		F1DA74412B2EDCE500A9A7F0 /* ProfileView.swift */ = {isa = PBXFileReference; lastKnownFileType = sourcecode.swift; path = ProfileView.swift; sourceTree = "<group>"; };
		F1DA74422B2EDCE500A9A7F0 /* Profile.swift */ = {isa = PBXFileReference; lastKnownFileType = sourcecode.swift; path = Profile.swift; sourceTree = "<group>"; };
		F1E46E532B54DCD20036DEF2 /* GameEntityQuestionSectionView.swift */ = {isa = PBXFileReference; lastKnownFileType = sourcecode.swift; path = GameEntityQuestionSectionView.swift; sourceTree = "<group>"; };
		F1E46E572B54DEFE0036DEF2 /* GameEntityImageQuestionView.swift */ = {isa = PBXFileReference; lastKnownFileType = sourcecode.swift; path = GameEntityImageQuestionView.swift; sourceTree = "<group>"; };
		F1E46E592B54E2EB0036DEF2 /* GameEntityTextQuestionView.swift */ = {isa = PBXFileReference; lastKnownFileType = sourcecode.swift; path = GameEntityTextQuestionView.swift; sourceTree = "<group>"; };
		F1E46E5B2B5500150036DEF2 /* Emotion.swift */ = {isa = PBXFileReference; lastKnownFileType = sourcecode.swift; path = Emotion.swift; sourceTree = "<group>"; };
		F1E46E5D2B550A450036DEF2 /* GameEntityWrongAnswerDescription.swift */ = {isa = PBXFileReference; lastKnownFileType = sourcecode.swift; path = GameEntityWrongAnswerDescription.swift; sourceTree = "<group>"; };
/* End PBXFileReference section */

/* Begin PBXFrameworksBuildPhase section */
		F110B7532B2EC29100FD3B95 /* Frameworks */ = {
			isa = PBXFrameworksBuildPhase;
			buildActionMask = 2147483647;
			files = (
				F10F8FC62B8B6FEC0062DE05 /* SQLite in Frameworks */,
				F1C41F892B62C19400F40820 /* WrappingHStack in Frameworks */,
				F110B76B2B2EC88700FD3B95 /* ComposableArchitecture in Frameworks */,
			);
			runOnlyForDeploymentPostprocessing = 0;
		};
/* End PBXFrameworksBuildPhase section */

/* Begin PBXGroup section */
		F10F8FB82B8B63290062DE05 /* Home */ = {
			isa = PBXGroup;
			children = (
				F12B4F592B665D8400D7F5C3 /* Tree */,
				F10F8FB92B8B633C0062DE05 /* HomeTabData.swift */,
			);
			path = Home;
			sourceTree = "<group>";
		};
		F10F8FBC2B8B63BA0062DE05 /* Profile */ = {
			isa = PBXGroup;
			children = (
				F10F8FBD2B8B65410062DE05 /* ProfileTabData.swift */,
			);
			path = Profile;
			sourceTree = "<group>";
		};
		F10F8FBF2B8B6C100062DE05 /* Database */ = {
			isa = PBXGroup;
			children = (
				F10F8FC02B8B6C8A0062DE05 /* LocalDatabaseClient.swift */,
				F10F8FC72B8B93910062DE05 /* LocalDatabaseInterface.swift */,
			);
			path = Database;
			sourceTree = "<group>";
		};
		F10F8FCC2B8EE8E80062DE05 /* Extensions */ = {
			isa = PBXGroup;
			children = (
				F10F8FCD2B8EE8FB0062DE05 /* Date+DateFormatter.swift */,
			);
			path = Extensions;
			sourceTree = "<group>";
		};
		F110B74D2B2EC29100FD3B95 = {
			isa = PBXGroup;
			children = (
				F110B7582B2EC29100FD3B95 /* Rozkvit */,
				F110B7572B2EC29100FD3B95 /* Products */,
			);
			sourceTree = "<group>";
		};
		F110B7572B2EC29100FD3B95 /* Products */ = {
			isa = PBXGroup;
			children = (
				F110B7562B2EC29100FD3B95 /* Rozkvit.app */,
			);
			name = Products;
			sourceTree = "<group>";
		};
		F110B7582B2EC29100FD3B95 /* Rozkvit */ = {
			isa = PBXGroup;
			children = (
				F1CCC5B82B4D9D26000968BA /* Info.plist */,
				F110B7682B2EC81200FD3B95 /* Root */,
				F16356CB2B32B90B00890D3C /* Models */,
				F110B77E2B2ECF0600FD3B95 /* Modules */,
				F110B76E2B2ECD0700FD3B95 /* Resources */,
				F110B7722B2ECD9800FD3B95 /* Sources */,
				F110B75F2B2EC29400FD3B95 /* Rozkvit.entitlements */,
				F110B7602B2EC29400FD3B95 /* Preview Content */,
			);
			path = Rozkvit;
			sourceTree = "<group>";
		};
		F110B7602B2EC29400FD3B95 /* Preview Content */ = {
			isa = PBXGroup;
			children = (
				F110B7612B2EC29400FD3B95 /* Preview Assets.xcassets */,
			);
			path = "Preview Content";
			sourceTree = "<group>";
		};
		F110B7682B2EC81200FD3B95 /* Root */ = {
			isa = PBXGroup;
			children = (
				F110B7592B2EC29100FD3B95 /* Rozkvit.swift */,
				F110B76C2B2ECC1900FD3B95 /* RootDomain.swift */,
				F110B77C2B2ECE9600FD3B95 /* RootView.swift */,
			);
			path = Root;
			sourceTree = "<group>";
		};
		F110B76E2B2ECD0700FD3B95 /* Resources */ = {
			isa = PBXGroup;
			children = (
				F18D20672B53D6EA00523CFD /* Fonts */,
				F110B75D2B2EC29400FD3B95 /* Assets.xcassets */,
				F134F6892B498EDB00E58224 /* Colors.xcassets */,
				F110B76F2B2ECD1400FD3B95 /* Localization */,
			);
			path = Resources;
			sourceTree = "<group>";
		};
		F110B76F2B2ECD1400FD3B95 /* Localization */ = {
			isa = PBXGroup;
			children = (
				F110B7702B2ECD2700FD3B95 /* en.strings */,
			);
			path = Localization;
			sourceTree = "<group>";
		};
		F110B7722B2ECD9800FD3B95 /* Sources */ = {
			isa = PBXGroup;
			children = (
				F10F8FCC2B8EE8E80062DE05 /* Extensions */,
				F16D01F02B3B161F003614EE /* View Modifiers */,
				F110B7792B2ECDF800FD3B95 /* Utils */,
				F110B7732B2ECDA300FD3B95 /* Defaults */,
			);
			path = Sources;
			sourceTree = "<group>";
		};
		F110B7732B2ECDA300FD3B95 /* Defaults */ = {
			isa = PBXGroup;
			children = (
				F110B7742B2ECDB300FD3B95 /* Defaults.swift */,
				F110B7762B2ECDC800FD3B95 /* Extensions */,
			);
			path = Defaults;
			sourceTree = "<group>";
		};
		F110B7762B2ECDC800FD3B95 /* Extensions */ = {
			isa = PBXGroup;
			children = (
				F110B7772B2ECDD600FD3B95 /* Defaults+Lang.swift */,
			);
			path = Extensions;
			sourceTree = "<group>";
		};
		F110B7792B2ECDF800FD3B95 /* Utils */ = {
			isa = PBXGroup;
			children = (
				F110B77A2B2ECE0800FD3B95 /* Localization.swift */,
			);
			path = Utils;
			sourceTree = "<group>";
		};
		F110B77E2B2ECF0600FD3B95 /* Modules */ = {
			isa = PBXGroup;
			children = (
				F18D20702B53DA7000523CFD /* Common */,
				F1DA74362B2EDBBA00A9A7F0 /* Categories */,
				F110B77F2B2ECF3000FD3B95 /* Home */,
				F1DA743B2B2EDCB800A9A7F0 /* Games */,
				F1DA74402B2EDCD200A9A7F0 /* Profile */,
			);
			path = Modules;
			sourceTree = "<group>";
		};
		F110B77F2B2ECF3000FD3B95 /* Home */ = {
			isa = PBXGroup;
			children = (
				F110B7802B2ECF4000FD3B95 /* HomeView.swift */,
				F110B7812B2ECF4000FD3B95 /* Home.swift */,
			);
			path = Home;
			sourceTree = "<group>";
		};
		F12B4F592B665D8400D7F5C3 /* Tree */ = {
			isa = PBXGroup;
			children = (
				F12B4F5A2B665D9600D7F5C3 /* TreeBuilder.swift */,
			);
			path = Tree;
			sourceTree = "<group>";
		};
		F134F6732B48506200E58224 /* Tab */ = {
			isa = PBXGroup;
			children = (
				F137808B2B35DD5400DF2C8F /* Category Games List */,
				F1DA743C2B2EDCC800A9A7F0 /* GamesView.swift */,
				F1DA743D2B2EDCC800A9A7F0 /* Games.swift */,
			);
			path = Tab;
			sourceTree = "<group>";
		};
		F134F6742B48507400E58224 /* Game Event */ = {
			isa = PBXGroup;
			children = (
				F18D205F2B52746700523CFD /* Question */,
				F134F67F2B49892D00E58224 /* Answer */,
				F18D20642B52B6A700523CFD /* Description */,
				F134F67B2B49892100E58224 /* GameEventView.swift */,
				F134F67C2B49892100E58224 /* GameEvent.swift */,
			);
			path = "Game Event";
			sourceTree = "<group>";
		};
		F134F6752B48509800E58224 /* Event */ = {
			isa = PBXGroup;
			children = (
				F134F6762B4850BD00E58224 /* GameBuilder.swift */,
				F17382172B4B953A00B88A06 /* Fabrics */,
			);
			path = Event;
			sourceTree = "<group>";
		};
		F134F6782B48558200E58224 /* Common */ = {
			isa = PBXGroup;
			children = (
				F134F6792B48558C00E58224 /* Stack.swift */,
			);
			path = Common;
			sourceTree = "<group>";
		};
		F134F67F2B49892D00E58224 /* Answer */ = {
			isa = PBXGroup;
			children = (
				F18D207A2B542BBD00523CFD /* Section */,
				F134F6842B49896500E58224 /* GameEntityTextAnswerView.swift */,
				F18D20802B542DB400523CFD /* GameEntityImageAnswerView.swift */,
			);
			path = Answer;
			sourceTree = "<group>";
		};
		F137808B2B35DD5400DF2C8F /* Category Games List */ = {
			isa = PBXGroup;
			children = (
				F13780902B35DF9000DF2C8F /* Game Progress */,
				F137808C2B35DD9300DF2C8F /* CategoryGamesListView.swift */,
				F137808D2B35DD9300DF2C8F /* CategoryGamesList.swift */,
			);
			path = "Category Games List";
			sourceTree = "<group>";
		};
		F13780902B35DF9000DF2C8F /* Game Progress */ = {
			isa = PBXGroup;
			children = (
				F13780912B35DFA800DF2C8F /* GameProgressView.swift */,
			);
			path = "Game Progress";
			sourceTree = "<group>";
		};
		F16356C62B31EF9F00890D3C /* Data */ = {
			isa = PBXGroup;
			children = (
				F16D01F52B3BCC2D003614EE /* AvailabilityChecker.swift */,
				F16356C72B31EFF600890D3C /* AppData.swift */,
				F16356C92B3207AF00890D3C /* AppDataClient.swift */,
			);
			path = Data;
			sourceTree = "<group>";
		};
		F16356CB2B32B90B00890D3C /* Models */ = {
			isa = PBXGroup;
			children = (
				F10F8FBF2B8B6C100062DE05 /* Database */,
				F134F6782B48558200E58224 /* Common */,
				F16356C62B31EF9F00890D3C /* Data */,
				F16D01EC2B39898D003614EE /* Category */,
				F10F8FB82B8B63290062DE05 /* Home */,
				F16D01EF2B398C99003614EE /* Game */,
				F10F8FBC2B8B63BA0062DE05 /* Profile */,
			);
			path = Models;
			sourceTree = "<group>";
		};
		F16D01EC2B39898D003614EE /* Category */ = {
			isa = PBXGroup;
			children = (
				F16D01ED2B3989E1003614EE /* CategoryModel.swift */,
				F10F8FB62B8B54480062DE05 /* CategoriesTabData.swift */,
			);
			path = Category;
			sourceTree = "<group>";
		};
		F16D01EF2B398C99003614EE /* Game */ = {
			isa = PBXGroup;
			children = (
				F10F8FB42B8B51C90062DE05 /* GamesTabData.swift */,
				F10F8FC22B8B6D490062DE05 /* DatabaseGameStatistic.swift */,
				F134F6752B48509800E58224 /* Event */,
				F16D01F32B3B1AD0003614EE /* GameModel.swift */,
				F1E46E5B2B5500150036DEF2 /* Emotion.swift */,
			);
			path = Game;
			sourceTree = "<group>";
		};
		F16D01F02B3B161F003614EE /* View Modifiers */ = {
			isa = PBXGroup;
			children = (
				F16D01F12B3B163C003614EE /* ScaleOnTap.swift */,
				F14B43142B552D4200AF1142 /* ExpandedTap.swift */,
			);
			path = "View Modifiers";
			sourceTree = "<group>";
		};
		F17382172B4B953A00B88A06 /* Fabrics */ = {
			isa = PBXGroup;
			children = (
				F17382182B4B958A00B88A06 /* PickEmotionsGameFabric.swift */,
			);
			path = Fabrics;
			sourceTree = "<group>";
		};
		F18D205F2B52746700523CFD /* Question */ = {
			isa = PBXGroup;
			children = (
				F1E46E522B54DC910036DEF2 /* Section */,
				F18D20622B52749C00523CFD /* GameEntityPickQuestionView.swift */,
				F1E46E572B54DEFE0036DEF2 /* GameEntityImageQuestionView.swift */,
				F1E46E592B54E2EB0036DEF2 /* GameEntityTextQuestionView.swift */,
			);
			name = Question;
			path = "Йгуіешщт";
			sourceTree = "<group>";
		};
		F18D20642B52B6A700523CFD /* Description */ = {
			isa = PBXGroup;
			children = (
				F18D20652B52B6CC00523CFD /* GameEntityWrongAnswerDescriptionView.swift */,
				F1E46E5D2B550A450036DEF2 /* GameEntityWrongAnswerDescription.swift */,
			);
			path = Description;
			sourceTree = "<group>";
		};
		F18D20672B53D6EA00523CFD /* Fonts */ = {
			isa = PBXGroup;
			children = (
				F18D20682B53D6FD00523CFD /* Inter */,
				F18D206E2B53D75B00523CFD /* Fonts.swift */,
			);
			path = Fonts;
			sourceTree = "<group>";
		};
		F18D20682B53D6FD00523CFD /* Inter */ = {
			isa = PBXGroup;
			children = (
				F18D20692B53D74300523CFD /* Inter-Bold.ttf */,
				F18D206D2B53D74400523CFD /* Inter-Regular.ttf */,
				F18D206C2B53D74400523CFD /* Inter-SemiBold.ttf */,
			);
			path = Inter;
			sourceTree = "<group>";
		};
		F18D20702B53DA7000523CFD /* Common */ = {
			isa = PBXGroup;
			children = (
				F18D20732B53DA9100523CFD /* PearlGradient.swift */,
			);
			path = Common;
			sourceTree = "<group>";
		};
		F18D207A2B542BBD00523CFD /* Section */ = {
			isa = PBXGroup;
			children = (
				F18D207B2B542BD400523CFD /* GameEntityAnswerSectionView.swift */,
				F18D207C2B542BD400523CFD /* GameEntityAnswerSection.swift */,
			);
			path = Section;
			sourceTree = "<group>";
		};
		F1DA74362B2EDBBA00A9A7F0 /* Categories */ = {
			isa = PBXGroup;
			children = (
				F1DA74372B2EDCAC00A9A7F0 /* CategoriesView.swift */,
				F1DA74382B2EDCAC00A9A7F0 /* Categories.swift */,
			);
			path = Categories;
			sourceTree = "<group>";
		};
		F1DA743B2B2EDCB800A9A7F0 /* Games */ = {
			isa = PBXGroup;
			children = (
				F134F6732B48506200E58224 /* Tab */,
				F134F6742B48507400E58224 /* Game Event */,
			);
			path = Games;
			sourceTree = "<group>";
		};
		F1DA74402B2EDCD200A9A7F0 /* Profile */ = {
			isa = PBXGroup;
			children = (
				F1DA74412B2EDCE500A9A7F0 /* ProfileView.swift */,
				F1DA74422B2EDCE500A9A7F0 /* Profile.swift */,
			);
			path = Profile;
			sourceTree = "<group>";
		};
		F1E46E522B54DC910036DEF2 /* Section */ = {
			isa = PBXGroup;
			children = (
				F1E46E532B54DCD20036DEF2 /* GameEntityQuestionSectionView.swift */,
			);
			path = Section;
			sourceTree = "<group>";
		};
/* End PBXGroup section */

/* Begin PBXNativeTarget section */
		F110B7552B2EC29100FD3B95 /* Rozkvit */ = {
			isa = PBXNativeTarget;
			buildConfigurationList = F110B7652B2EC29400FD3B95 /* Build configuration list for PBXNativeTarget "Rozkvit" */;
			buildPhases = (
				F110B7522B2EC29100FD3B95 /* Sources */,
				F110B7532B2EC29100FD3B95 /* Frameworks */,
				F110B7542B2EC29100FD3B95 /* Resources */,
			);
			buildRules = (
			);
			dependencies = (
			);
			name = Rozkvit;
			packageProductDependencies = (
				F110B76A2B2EC88700FD3B95 /* ComposableArchitecture */,
				F1C41F882B62C19400F40820 /* WrappingHStack */,
				F10F8FC52B8B6FEC0062DE05 /* SQLite */,
			);
			productName = Rozkvit;
			productReference = F110B7562B2EC29100FD3B95 /* Rozkvit.app */;
			productType = "com.apple.product-type.application";
		};
/* End PBXNativeTarget section */

/* Begin PBXProject section */
		F110B74E2B2EC29100FD3B95 /* Project object */ = {
			isa = PBXProject;
			attributes = {
				BuildIndependentTargetsInParallel = 1;
				LastSwiftUpdateCheck = 1510;
				LastUpgradeCheck = 1520;
				TargetAttributes = {
					F110B7552B2EC29100FD3B95 = {
						CreatedOnToolsVersion = 15.1;
					};
				};
			};
			buildConfigurationList = F110B7512B2EC29100FD3B95 /* Build configuration list for PBXProject "Rozkvit" */;
			compatibilityVersion = "Xcode 14.0";
			developmentRegion = en;
			hasScannedForEncodings = 0;
			knownRegions = (
				en,
				Base,
			);
			mainGroup = F110B74D2B2EC29100FD3B95;
			packageReferences = (
				F110B7692B2EC88700FD3B95 /* XCRemoteSwiftPackageReference "swift-composable-architecture" */,
				F1C41F872B62C19400F40820 /* XCRemoteSwiftPackageReference "WrappingHStack" */,
				F10F8FC42B8B6FEC0062DE05 /* XCRemoteSwiftPackageReference "SQLite.swift" */,
			);
			productRefGroup = F110B7572B2EC29100FD3B95 /* Products */;
			projectDirPath = "";
			projectRoot = "";
			targets = (
				F110B7552B2EC29100FD3B95 /* Rozkvit */,
			);
		};
/* End PBXProject section */

/* Begin PBXResourcesBuildPhase section */
		F110B7542B2EC29100FD3B95 /* Resources */ = {
			isa = PBXResourcesBuildPhase;
			buildActionMask = 2147483647;
			files = (
				F110B7712B2ECD2700FD3B95 /* en.strings in Resources */,
				F18D20752B53DE6300523CFD /* Inter-Bold.ttf in Resources */,
				F134F68A2B498EDB00E58224 /* Colors.xcassets in Resources */,
				F110B7622B2EC29400FD3B95 /* Preview Assets.xcassets in Resources */,
				F18D20762B53DE6400523CFD /* Inter-Regular.ttf in Resources */,
				F110B75E2B2EC29400FD3B95 /* Assets.xcassets in Resources */,
				F18D20772B53DE6600523CFD /* Inter-SemiBold.ttf in Resources */,
			);
			runOnlyForDeploymentPostprocessing = 0;
		};
/* End PBXResourcesBuildPhase section */

/* Begin PBXSourcesBuildPhase section */
		F110B7522B2EC29100FD3B95 /* Sources */ = {
			isa = PBXSourcesBuildPhase;
			buildActionMask = 2147483647;
			files = (
				F18D20632B52749C00523CFD /* GameEntityPickQuestionView.swift in Sources */,
				F1DA74442B2EDCE500A9A7F0 /* Profile.swift in Sources */,
				F134F67D2B49892100E58224 /* GameEventView.swift in Sources */,
				F1E46E5E2B550A450036DEF2 /* GameEntityWrongAnswerDescription.swift in Sources */,
				F18D20662B52B6CC00523CFD /* GameEntityWrongAnswerDescriptionView.swift in Sources */,
				F110B7752B2ECDB300FD3B95 /* Defaults.swift in Sources */,
				F10F8FCE2B8EE8FB0062DE05 /* Date+DateFormatter.swift in Sources */,
				F137808E2B35DD9300DF2C8F /* CategoryGamesListView.swift in Sources */,
				F1DA743F2B2EDCC800A9A7F0 /* Games.swift in Sources */,
				F10F8FC32B8B6D490062DE05 /* DatabaseGameStatistic.swift in Sources */,
				F16D01EE2B3989E1003614EE /* CategoryModel.swift in Sources */,
				F16356C82B31EFF600890D3C /* AppData.swift in Sources */,
				F137808F2B35DD9300DF2C8F /* CategoryGamesList.swift in Sources */,
				F110B77B2B2ECE0800FD3B95 /* Localization.swift in Sources */,
				F10F8FB72B8B54480062DE05 /* CategoriesTabData.swift in Sources */,
				F1E46E5C2B5500150036DEF2 /* Emotion.swift in Sources */,
				F110B7782B2ECDD600FD3B95 /* Defaults+Lang.swift in Sources */,
				F18D207E2B542BD400523CFD /* GameEntityAnswerSection.swift in Sources */,
				F110B7832B2ECF4000FD3B95 /* Home.swift in Sources */,
				F16356CA2B3207AF00890D3C /* AppDataClient.swift in Sources */,
				F1E46E552B54DCD20036DEF2 /* GameEntityQuestionSectionView.swift in Sources */,
				F10F8FC12B8B6C8A0062DE05 /* LocalDatabaseClient.swift in Sources */,
				F18D20812B542DB400523CFD /* GameEntityImageAnswerView.swift in Sources */,
				F110B77D2B2ECE9600FD3B95 /* RootView.swift in Sources */,
				F16D01F62B3BCC2D003614EE /* AvailabilityChecker.swift in Sources */,
				F18D206F2B53D75B00523CFD /* Fonts.swift in Sources */,
				F1DA743E2B2EDCC800A9A7F0 /* GamesView.swift in Sources */,
				F12B4F5B2B665D9600D7F5C3 /* TreeBuilder.swift in Sources */,
				F1DA743A2B2EDCAC00A9A7F0 /* Categories.swift in Sources */,
				F110B7822B2ECF4000FD3B95 /* HomeView.swift in Sources */,
				F134F67A2B48558C00E58224 /* Stack.swift in Sources */,
				F134F67E2B49892100E58224 /* GameEvent.swift in Sources */,
				F134F6862B49896500E58224 /* GameEntityTextAnswerView.swift in Sources */,
				F1E46E5A2B54E2EB0036DEF2 /* GameEntityTextQuestionView.swift in Sources */,
				F110B75A2B2EC29100FD3B95 /* Rozkvit.swift in Sources */,
				F14B43152B552D4200AF1142 /* ExpandedTap.swift in Sources */,
				F18D207D2B542BD400523CFD /* GameEntityAnswerSectionView.swift in Sources */,
				F10F8FC82B8B93910062DE05 /* LocalDatabaseInterface.swift in Sources */,
				F10F8FB52B8B51C90062DE05 /* GamesTabData.swift in Sources */,
				F17382192B4B958A00B88A06 /* PickEmotionsGameFabric.swift in Sources */,
				F1DA74392B2EDCAC00A9A7F0 /* CategoriesView.swift in Sources */,
				F1DA74432B2EDCE500A9A7F0 /* ProfileView.swift in Sources */,
				F10F8FBE2B8B65410062DE05 /* ProfileTabData.swift in Sources */,
				F1E46E582B54DEFE0036DEF2 /* GameEntityImageQuestionView.swift in Sources */,
				F110B76D2B2ECC1900FD3B95 /* RootDomain.swift in Sources */,
				F10F8FBA2B8B633C0062DE05 /* HomeTabData.swift in Sources */,
				F13780932B35DFA800DF2C8F /* GameProgressView.swift in Sources */,
				F134F6772B4850BD00E58224 /* GameBuilder.swift in Sources */,
				F18D20742B53DA9100523CFD /* PearlGradient.swift in Sources */,
				F16D01F22B3B163C003614EE /* ScaleOnTap.swift in Sources */,
				F16D01F42B3B1AD0003614EE /* GameModel.swift in Sources */,
			);
			runOnlyForDeploymentPostprocessing = 0;
		};
/* End PBXSourcesBuildPhase section */

/* Begin XCBuildConfiguration section */
		F110B7632B2EC29400FD3B95 /* Debug */ = {
			isa = XCBuildConfiguration;
			buildSettings = {
				ALWAYS_SEARCH_USER_PATHS = NO;
				ASSETCATALOG_COMPILER_GENERATE_SWIFT_ASSET_SYMBOL_EXTENSIONS = YES;
				CLANG_ANALYZER_NONNULL = YES;
				CLANG_ANALYZER_NUMBER_OBJECT_CONVERSION = YES_AGGRESSIVE;
				CLANG_CXX_LANGUAGE_STANDARD = "gnu++20";
				CLANG_ENABLE_MODULES = YES;
				CLANG_ENABLE_OBJC_ARC = YES;
				CLANG_ENABLE_OBJC_WEAK = YES;
				CLANG_WARN_BLOCK_CAPTURE_AUTORELEASING = YES;
				CLANG_WARN_BOOL_CONVERSION = YES;
				CLANG_WARN_COMMA = YES;
				CLANG_WARN_CONSTANT_CONVERSION = YES;
				CLANG_WARN_DEPRECATED_OBJC_IMPLEMENTATIONS = YES;
				CLANG_WARN_DIRECT_OBJC_ISA_USAGE = YES_ERROR;
				CLANG_WARN_DOCUMENTATION_COMMENTS = YES;
				CLANG_WARN_EMPTY_BODY = YES;
				CLANG_WARN_ENUM_CONVERSION = YES;
				CLANG_WARN_INFINITE_RECURSION = YES;
				CLANG_WARN_INT_CONVERSION = YES;
				CLANG_WARN_NON_LITERAL_NULL_CONVERSION = YES;
				CLANG_WARN_OBJC_IMPLICIT_RETAIN_SELF = YES;
				CLANG_WARN_OBJC_LITERAL_CONVERSION = YES;
				CLANG_WARN_OBJC_ROOT_CLASS = YES_ERROR;
				CLANG_WARN_QUOTED_INCLUDE_IN_FRAMEWORK_HEADER = YES;
				CLANG_WARN_RANGE_LOOP_ANALYSIS = YES;
				CLANG_WARN_STRICT_PROTOTYPES = YES;
				CLANG_WARN_SUSPICIOUS_MOVE = YES;
				CLANG_WARN_UNGUARDED_AVAILABILITY = YES_AGGRESSIVE;
				CLANG_WARN_UNREACHABLE_CODE = YES;
				CLANG_WARN__DUPLICATE_METHOD_MATCH = YES;
				COPY_PHASE_STRIP = NO;
				DEAD_CODE_STRIPPING = YES;
				DEBUG_INFORMATION_FORMAT = dwarf;
				ENABLE_STRICT_OBJC_MSGSEND = YES;
				ENABLE_TESTABILITY = YES;
				ENABLE_USER_SCRIPT_SANDBOXING = YES;
				GCC_C_LANGUAGE_STANDARD = gnu17;
				GCC_DYNAMIC_NO_PIC = NO;
				GCC_NO_COMMON_BLOCKS = YES;
				GCC_OPTIMIZATION_LEVEL = 0;
				GCC_PREPROCESSOR_DEFINITIONS = (
					"DEBUG=1",
					"$(inherited)",
				);
				GCC_WARN_64_TO_32_BIT_CONVERSION = YES;
				GCC_WARN_ABOUT_RETURN_TYPE = YES_ERROR;
				GCC_WARN_UNDECLARED_SELECTOR = YES;
				GCC_WARN_UNINITIALIZED_AUTOS = YES_AGGRESSIVE;
				GCC_WARN_UNUSED_FUNCTION = YES;
				GCC_WARN_UNUSED_VARIABLE = YES;
				LOCALIZATION_PREFERS_STRING_CATALOGS = YES;
				MTL_ENABLE_DEBUG_INFO = INCLUDE_SOURCE;
				MTL_FAST_MATH = YES;
				ONLY_ACTIVE_ARCH = YES;
				SWIFT_ACTIVE_COMPILATION_CONDITIONS = "DEBUG $(inherited)";
				SWIFT_OPTIMIZATION_LEVEL = "-Onone";
			};
			name = Debug;
		};
		F110B7642B2EC29400FD3B95 /* Release */ = {
			isa = XCBuildConfiguration;
			buildSettings = {
				ALWAYS_SEARCH_USER_PATHS = NO;
				ASSETCATALOG_COMPILER_GENERATE_SWIFT_ASSET_SYMBOL_EXTENSIONS = YES;
				CLANG_ANALYZER_NONNULL = YES;
				CLANG_ANALYZER_NUMBER_OBJECT_CONVERSION = YES_AGGRESSIVE;
				CLANG_CXX_LANGUAGE_STANDARD = "gnu++20";
				CLANG_ENABLE_MODULES = YES;
				CLANG_ENABLE_OBJC_ARC = YES;
				CLANG_ENABLE_OBJC_WEAK = YES;
				CLANG_WARN_BLOCK_CAPTURE_AUTORELEASING = YES;
				CLANG_WARN_BOOL_CONVERSION = YES;
				CLANG_WARN_COMMA = YES;
				CLANG_WARN_CONSTANT_CONVERSION = YES;
				CLANG_WARN_DEPRECATED_OBJC_IMPLEMENTATIONS = YES;
				CLANG_WARN_DIRECT_OBJC_ISA_USAGE = YES_ERROR;
				CLANG_WARN_DOCUMENTATION_COMMENTS = YES;
				CLANG_WARN_EMPTY_BODY = YES;
				CLANG_WARN_ENUM_CONVERSION = YES;
				CLANG_WARN_INFINITE_RECURSION = YES;
				CLANG_WARN_INT_CONVERSION = YES;
				CLANG_WARN_NON_LITERAL_NULL_CONVERSION = YES;
				CLANG_WARN_OBJC_IMPLICIT_RETAIN_SELF = YES;
				CLANG_WARN_OBJC_LITERAL_CONVERSION = YES;
				CLANG_WARN_OBJC_ROOT_CLASS = YES_ERROR;
				CLANG_WARN_QUOTED_INCLUDE_IN_FRAMEWORK_HEADER = YES;
				CLANG_WARN_RANGE_LOOP_ANALYSIS = YES;
				CLANG_WARN_STRICT_PROTOTYPES = YES;
				CLANG_WARN_SUSPICIOUS_MOVE = YES;
				CLANG_WARN_UNGUARDED_AVAILABILITY = YES_AGGRESSIVE;
				CLANG_WARN_UNREACHABLE_CODE = YES;
				CLANG_WARN__DUPLICATE_METHOD_MATCH = YES;
				COPY_PHASE_STRIP = NO;
				DEAD_CODE_STRIPPING = YES;
				DEBUG_INFORMATION_FORMAT = "dwarf-with-dsym";
				ENABLE_NS_ASSERTIONS = NO;
				ENABLE_STRICT_OBJC_MSGSEND = YES;
				ENABLE_USER_SCRIPT_SANDBOXING = YES;
				GCC_C_LANGUAGE_STANDARD = gnu17;
				GCC_NO_COMMON_BLOCKS = YES;
				GCC_WARN_64_TO_32_BIT_CONVERSION = YES;
				GCC_WARN_ABOUT_RETURN_TYPE = YES_ERROR;
				GCC_WARN_UNDECLARED_SELECTOR = YES;
				GCC_WARN_UNINITIALIZED_AUTOS = YES_AGGRESSIVE;
				GCC_WARN_UNUSED_FUNCTION = YES;
				GCC_WARN_UNUSED_VARIABLE = YES;
				LOCALIZATION_PREFERS_STRING_CATALOGS = YES;
				MTL_ENABLE_DEBUG_INFO = NO;
				MTL_FAST_MATH = YES;
				SWIFT_COMPILATION_MODE = wholemodule;
			};
			name = Release;
		};
		F110B7662B2EC29400FD3B95 /* Debug */ = {
			isa = XCBuildConfiguration;
			buildSettings = {
				ASSETCATALOG_COMPILER_APPICON_NAME = AppIcon;
				ASSETCATALOG_COMPILER_GLOBAL_ACCENT_COLOR_NAME = AccentColor;
				CODE_SIGN_ENTITLEMENTS = Rozkvit/Rozkvit.entitlements;
				CODE_SIGN_STYLE = Automatic;
				CURRENT_PROJECT_VERSION = 7;
				DEAD_CODE_STRIPPING = YES;
				DEVELOPMENT_ASSET_PATHS = "\"Rozkvit/Preview Content\"";
				DEVELOPMENT_TEAM = 452NG5983H;
				ENABLE_HARDENED_RUNTIME = YES;
				ENABLE_PREVIEWS = YES;
				GENERATE_INFOPLIST_FILE = YES;
				INFOPLIST_FILE = Rozkvit/Info.plist;
				INFOPLIST_KEY_LSApplicationCategoryType = "public.app-category.educational-games";
				"INFOPLIST_KEY_UIApplicationSceneManifest_Generation[sdk=iphoneos*]" = YES;
				"INFOPLIST_KEY_UIApplicationSceneManifest_Generation[sdk=iphonesimulator*]" = YES;
				"INFOPLIST_KEY_UIApplicationSupportsIndirectInputEvents[sdk=iphoneos*]" = YES;
				"INFOPLIST_KEY_UIApplicationSupportsIndirectInputEvents[sdk=iphonesimulator*]" = YES;
				"INFOPLIST_KEY_UILaunchScreen_Generation[sdk=iphoneos*]" = YES;
				"INFOPLIST_KEY_UILaunchScreen_Generation[sdk=iphonesimulator*]" = YES;
				INFOPLIST_KEY_UIStatusBarStyle = "";
				"INFOPLIST_KEY_UIStatusBarStyle[sdk=iphoneos*]" = UIStatusBarStyleDefault;
				"INFOPLIST_KEY_UIStatusBarStyle[sdk=iphonesimulator*]" = UIStatusBarStyleDefault;
				INFOPLIST_KEY_UISupportedInterfaceOrientations_iPad = "UIInterfaceOrientationPortrait UIInterfaceOrientationPortraitUpsideDown UIInterfaceOrientationLandscapeLeft UIInterfaceOrientationLandscapeRight";
				INFOPLIST_KEY_UISupportedInterfaceOrientations_iPhone = "UIInterfaceOrientationPortrait UIInterfaceOrientationLandscapeLeft UIInterfaceOrientationLandscapeRight";
				INFOPLIST_KEY_UIUserInterfaceStyle = Light;
				IPHONEOS_DEPLOYMENT_TARGET = 17.0;
				LD_RUNPATH_SEARCH_PATHS = "@executable_path/Frameworks";
				"LD_RUNPATH_SEARCH_PATHS[sdk=macosx*]" = "@executable_path/../Frameworks";
				MACOSX_DEPLOYMENT_TARGET = 14.1;
				MARKETING_VERSION = 1.0;
				PRODUCT_BUNDLE_IDENTIFIER = com.drillKambojazz.TherapyApp;
				PRODUCT_NAME = "$(TARGET_NAME)";
				SDKROOT = auto;
				SUPPORTED_PLATFORMS = "iphoneos iphonesimulator";
				SUPPORTS_MACCATALYST = NO;
				SWIFT_EMIT_LOC_STRINGS = YES;
				SWIFT_VERSION = 5.0;
				TARGETED_DEVICE_FAMILY = 1;
			};
			name = Debug;
		};
		F110B7672B2EC29400FD3B95 /* Release */ = {
			isa = XCBuildConfiguration;
			buildSettings = {
				ASSETCATALOG_COMPILER_APPICON_NAME = AppIcon;
				ASSETCATALOG_COMPILER_GLOBAL_ACCENT_COLOR_NAME = AccentColor;
				CODE_SIGN_ENTITLEMENTS = Rozkvit/Rozkvit.entitlements;
				CODE_SIGN_STYLE = Automatic;
				CURRENT_PROJECT_VERSION = 7;
				DEAD_CODE_STRIPPING = YES;
				DEVELOPMENT_ASSET_PATHS = "\"Rozkvit/Preview Content\"";
				DEVELOPMENT_TEAM = 452NG5983H;
				ENABLE_HARDENED_RUNTIME = YES;
				ENABLE_PREVIEWS = YES;
				GENERATE_INFOPLIST_FILE = YES;
				INFOPLIST_FILE = Rozkvit/Info.plist;
				INFOPLIST_KEY_LSApplicationCategoryType = "public.app-category.educational-games";
				"INFOPLIST_KEY_UIApplicationSceneManifest_Generation[sdk=iphoneos*]" = YES;
				"INFOPLIST_KEY_UIApplicationSceneManifest_Generation[sdk=iphonesimulator*]" = YES;
				"INFOPLIST_KEY_UIApplicationSupportsIndirectInputEvents[sdk=iphoneos*]" = YES;
				"INFOPLIST_KEY_UIApplicationSupportsIndirectInputEvents[sdk=iphonesimulator*]" = YES;
				"INFOPLIST_KEY_UILaunchScreen_Generation[sdk=iphoneos*]" = YES;
				"INFOPLIST_KEY_UILaunchScreen_Generation[sdk=iphonesimulator*]" = YES;
				INFOPLIST_KEY_UIStatusBarStyle = "";
				"INFOPLIST_KEY_UIStatusBarStyle[sdk=iphoneos*]" = UIStatusBarStyleDefault;
				"INFOPLIST_KEY_UIStatusBarStyle[sdk=iphonesimulator*]" = UIStatusBarStyleDefault;
				INFOPLIST_KEY_UISupportedInterfaceOrientations_iPad = "UIInterfaceOrientationPortrait UIInterfaceOrientationPortraitUpsideDown UIInterfaceOrientationLandscapeLeft UIInterfaceOrientationLandscapeRight";
				INFOPLIST_KEY_UISupportedInterfaceOrientations_iPhone = "UIInterfaceOrientationPortrait UIInterfaceOrientationLandscapeLeft UIInterfaceOrientationLandscapeRight";
				INFOPLIST_KEY_UIUserInterfaceStyle = Light;
				IPHONEOS_DEPLOYMENT_TARGET = 17.0;
				LD_RUNPATH_SEARCH_PATHS = "@executable_path/Frameworks";
				"LD_RUNPATH_SEARCH_PATHS[sdk=macosx*]" = "@executable_path/../Frameworks";
				MACOSX_DEPLOYMENT_TARGET = 14.1;
				MARKETING_VERSION = 1.0;
				PRODUCT_BUNDLE_IDENTIFIER = com.drillKambojazz.TherapyApp;
				PRODUCT_NAME = "$(TARGET_NAME)";
				SDKROOT = auto;
				SUPPORTED_PLATFORMS = "iphoneos iphonesimulator";
				SUPPORTS_MACCATALYST = NO;
				SWIFT_EMIT_LOC_STRINGS = YES;
				SWIFT_VERSION = 5.0;
				TARGETED_DEVICE_FAMILY = 1;
			};
			name = Release;
		};
/* End XCBuildConfiguration section */

/* Begin XCConfigurationList section */
		F110B7512B2EC29100FD3B95 /* Build configuration list for PBXProject "Rozkvit" */ = {
			isa = XCConfigurationList;
			buildConfigurations = (
				F110B7632B2EC29400FD3B95 /* Debug */,
				F110B7642B2EC29400FD3B95 /* Release */,
			);
			defaultConfigurationIsVisible = 0;
			defaultConfigurationName = Release;
		};
		F110B7652B2EC29400FD3B95 /* Build configuration list for PBXNativeTarget "Rozkvit" */ = {
			isa = XCConfigurationList;
			buildConfigurations = (
				F110B7662B2EC29400FD3B95 /* Debug */,
				F110B7672B2EC29400FD3B95 /* Release */,
			);
			defaultConfigurationIsVisible = 0;
			defaultConfigurationName = Release;
		};
/* End XCConfigurationList section */

/* Begin XCRemoteSwiftPackageReference section */
		F10F8FC42B8B6FEC0062DE05 /* XCRemoteSwiftPackageReference "SQLite.swift" */ = {
			isa = XCRemoteSwiftPackageReference;
			repositoryURL = "https://github.com/stephencelis/SQLite.swift.git";
			requirement = {
				kind = upToNextMajorVersion;
				minimumVersion = 0.15.0;
			};
		};
		F110B7692B2EC88700FD3B95 /* XCRemoteSwiftPackageReference "swift-composable-architecture" */ = {
			isa = XCRemoteSwiftPackageReference;
			repositoryURL = "https://github.com/pointfreeco/swift-composable-architecture";
			requirement = {
				kind = upToNextMajorVersion;
				minimumVersion = 1.5.5;
			};
		};
		F1C41F872B62C19400F40820 /* XCRemoteSwiftPackageReference "WrappingHStack" */ = {
			isa = XCRemoteSwiftPackageReference;
			repositoryURL = "https://github.com/dkk/WrappingHStack";
			requirement = {
				kind = upToNextMajorVersion;
				minimumVersion = 2.2.11;
			};
		};
/* End XCRemoteSwiftPackageReference section */

/* Begin XCSwiftPackageProductDependency section */
		F10F8FC52B8B6FEC0062DE05 /* SQLite */ = {
			isa = XCSwiftPackageProductDependency;
			package = F10F8FC42B8B6FEC0062DE05 /* XCRemoteSwiftPackageReference "SQLite.swift" */;
			productName = SQLite;
		};
		F110B76A2B2EC88700FD3B95 /* ComposableArchitecture */ = {
			isa = XCSwiftPackageProductDependency;
			package = F110B7692B2EC88700FD3B95 /* XCRemoteSwiftPackageReference "swift-composable-architecture" */;
			productName = ComposableArchitecture;
		};
		F1C41F882B62C19400F40820 /* WrappingHStack */ = {
			isa = XCSwiftPackageProductDependency;
			package = F1C41F872B62C19400F40820 /* XCRemoteSwiftPackageReference "WrappingHStack" */;
			productName = WrappingHStack;
		};
/* End XCSwiftPackageProductDependency section */
	};
	rootObject = F110B74E2B2EC29100FD3B95 /* Project object */;
}
